
Microsoft Visual Studio Solution File, Format Version 12.00
# Visual Studio Version 17
VisualStudioVersion = 17.0.31903.59
MinimumVisualStudioVersion = 10.0.40219.1
Project("{FAE04EC0-301F-11D3-BF4B-00C04F79EFBC}") = "ColorSpheres", "ColorSpheres\ColorSpheres.csproj", "{E29100B8-6A2C-4FBE-A540-31BA99DF2AFC}"
EndProject
Project("{FAE04EC0-301F-11D3-BF4B-00C04F79EFBC}") = "BetterColorSpheres", "BetterColorSpheres\BetterColorSpheres.csproj", "{0A202ADF-3808-490C-9DBC-A9CF308522FC}"
EndProject
Project("{FAE04EC0-301F-11D3-BF4B-00C04F79EFBC}") = "PlayerStats", "PlayerStats\PlayerStats.csproj", "{01A4F838-E41C-4E73-8C52-3AC4BC8EDD99}"
EndProject
Project("{FAE04EC0-301F-11D3-BF4B-00C04F79EFBC}") = "MyRoguelike", "MyRoguelike\MyRoguelike.csproj", "{D540F9B7-BA89-455A-81B6-BC2214EA6987}"
EndProject
Global
	GlobalSection(SolutionConfigurationPlatforms) = preSolution
		Debug|Any CPU = Debug|Any CPU
		Debug|x64 = Debug|x64
		Debug|x86 = Debug|x86
		Release|Any CPU = Release|Any CPU
		Release|x64 = Release|x64
		Release|x86 = Release|x86
	EndGlobalSection
	GlobalSection(ProjectConfigurationPlatforms) = postSolution
		{E29100B8-6A2C-4FBE-A540-31BA99DF2AFC}.Debug|Any CPU.ActiveCfg = Debug|Any CPU
		{E29100B8-6A2C-4FBE-A540-31BA99DF2AFC}.Debug|Any CPU.Build.0 = Debug|Any CPU
		{E29100B8-6A2C-4FBE-A540-31BA99DF2AFC}.Debug|x64.ActiveCfg = Debug|Any CPU
		{E29100B8-6A2C-4FBE-A540-31BA99DF2AFC}.Debug|x64.Build.0 = Debug|Any CPU
		{E29100B8-6A2C-4FBE-A540-31BA99DF2AFC}.Debug|x86.ActiveCfg = Debug|Any CPU
		{E29100B8-6A2C-4FBE-A540-31BA99DF2AFC}.Debug|x86.Build.0 = Debug|Any CPU
		{E29100B8-6A2C-4FBE-A540-31BA99DF2AFC}.Release|Any CPU.ActiveCfg = Release|Any CPU
		{E29100B8-6A2C-4FBE-A540-31BA99DF2AFC}.Release|Any CPU.Build.0 = Release|Any CPU
		{E29100B8-6A2C-4FBE-A540-31BA99DF2AFC}.Release|x64.ActiveCfg = Release|Any CPU
		{E29100B8-6A2C-4FBE-A540-31BA99DF2AFC}.Release|x64.Build.0 = Release|Any CPU
		{E29100B8-6A2C-4FBE-A540-31BA99DF2AFC}.Release|x86.ActiveCfg = Release|Any CPU
		{E29100B8-6A2C-4FBE-A540-31BA99DF2AFC}.Release|x86.Build.0 = Release|Any CPU
		{0A202ADF-3808-490C-9DBC-A9CF308522FC}.Debug|Any CPU.ActiveCfg = Debug|Any CPU
		{0A202ADF-3808-490C-9DBC-A9CF308522FC}.Debug|Any CPU.Build.0 = Debug|Any CPU
		{0A202ADF-3808-490C-9DBC-A9CF308522FC}.Debug|x64.ActiveCfg = Debug|Any CPU
		{0A202ADF-3808-490C-9DBC-A9CF308522FC}.Debug|x64.Build.0 = Debug|Any CPU
		{0A202ADF-3808-490C-9DBC-A9CF308522FC}.Debug|x86.ActiveCfg = Debug|Any CPU
		{0A202ADF-3808-490C-9DBC-A9CF308522FC}.Debug|x86.Build.0 = Debug|Any CPU
		{0A202ADF-3808-490C-9DBC-A9CF308522FC}.Release|Any CPU.ActiveCfg = Release|Any CPU
		{0A202ADF-3808-490C-9DBC-A9CF308522FC}.Release|Any CPU.Build.0 = Release|Any CPU
		{0A202ADF-3808-490C-9DBC-A9CF308522FC}.Release|x64.ActiveCfg = Release|Any CPU
		{0A202ADF-3808-490C-9DBC-A9CF308522FC}.Release|x64.Build.0 = Release|Any CPU
		{0A202ADF-3808-490C-9DBC-A9CF308522FC}.Release|x86.ActiveCfg = Release|Any CPU
		{0A202ADF-3808-490C-9DBC-A9CF308522FC}.Release|x86.Build.0 = Release|Any CPU
		{01A4F838-E41C-4E73-8C52-3AC4BC8EDD99}.Debug|Any CPU.ActiveCfg = Debug|Any CPU
		{01A4F838-E41C-4E73-8C52-3AC4BC8EDD99}.Debug|Any CPU.Build.0 = Debug|Any CPU
		{01A4F838-E41C-4E73-8C52-3AC4BC8EDD99}.Debug|x64.ActiveCfg = Debug|Any CPU
		{01A4F838-E41C-4E73-8C52-3AC4BC8EDD99}.Debug|x64.Build.0 = Debug|Any CPU
		{01A4F838-E41C-4E73-8C52-3AC4BC8EDD99}.Debug|x86.ActiveCfg = Debug|Any CPU
		{01A4F838-E41C-4E73-8C52-3AC4BC8EDD99}.Debug|x86.Build.0 = Debug|Any CPU
		{01A4F838-E41C-4E73-8C52-3AC4BC8EDD99}.Release|Any CPU.ActiveCfg = Release|Any CPU
		{01A4F838-E41C-4E73-8C52-3AC4BC8EDD99}.Release|Any CPU.Build.0 = Release|Any CPU
		{01A4F838-E41C-4E73-8C52-3AC4BC8EDD99}.Release|x64.ActiveCfg = Release|Any CPU
		{01A4F838-E41C-4E73-8C52-3AC4BC8EDD99}.Release|x64.Build.0 = Release|Any CPU
		{01A4F838-E41C-4E73-8C52-3AC4BC8EDD99}.Release|x86.ActiveCfg = Release|Any CPU
		{01A4F838-E41C-4E73-8C52-3AC4BC8EDD99}.Release|x86.Build.0 = Release|Any CPU
		{D540F9B7-BA89-455A-81B6-BC2214EA6987}.Debug|Any CPU.ActiveCfg = Debug|Any CPU
		{D540F9B7-BA89-455A-81B6-BC2214EA6987}.Debug|Any CPU.Build.0 = Debug|Any CPU
		{D540F9B7-BA89-455A-81B6-BC2214EA6987}.Debug|x64.ActiveCfg = Debug|Any CPU
		{D540F9B7-BA89-455A-81B6-BC2214EA6987}.Debug|x64.Build.0 = Debug|Any CPU
		{D540F9B7-BA89-455A-81B6-BC2214EA6987}.Debug|x86.ActiveCfg = Debug|Any CPU
		{D540F9B7-BA89-455A-81B6-BC2214EA6987}.Debug|x86.Build.0 = Debug|Any CPU
		{D540F9B7-BA89-455A-81B6-BC2214EA6987}.Release|Any CPU.ActiveCfg = Release|Any CPU
		{D540F9B7-BA89-455A-81B6-BC2214EA6987}.Release|Any CPU.Build.0 = Release|Any CPU
		{D540F9B7-BA89-455A-81B6-BC2214EA6987}.Release|x64.ActiveCfg = Release|Any CPU
		{D540F9B7-BA89-455A-81B6-BC2214EA6987}.Release|x64.Build.0 = Release|Any CPU
		{D540F9B7-BA89-455A-81B6-BC2214EA6987}.Release|x86.ActiveCfg = Release|Any CPU
		{D540F9B7-BA89-455A-81B6-BC2214EA6987}.Release|x86.Build.0 = Release|Any CPU
	EndGlobalSection
	GlobalSection(SolutionProperties) = preSolution
		HideSolutionNode = FALSE
	EndGlobalSection
EndGlobal
